
Microsoft Visual Studio Solution File, Format Version 12.00
# Visual Studio Version 16
VisualStudioVersion = 16.0.32126.315
MinimumVisualStudioVersion = 10.0.40219.1
Project("{FAE04EC0-301F-11D3-BF4B-00C04F79EFBC}") = "MatchAndMerge", "MatchAndMerge\MatchAndMerge.csproj", "{C64EAD73-B6FE-40FE-93F3-972CBB6BD88F}"
EndProject
Project("{FAE04EC0-301F-11D3-BF4B-00C04F79EFBC}") = "MatchAndMergeTest", "MatchAndMergeTest\MatchAndMergeTest.csproj", "{2058FEEE-0A65-4A9E-A730-B720EBA80271}"
EndProject
Global
	GlobalSection(SolutionConfigurationPlatforms) = preSolution
		Debug|Any CPU = Debug|Any CPU
		Release|Any CPU = Release|Any CPU
	EndGlobalSection
	GlobalSection(ProjectConfigurationPlatforms) = postSolution
		{C64EAD73-B6FE-40FE-93F3-972CBB6BD88F}.Debug|Any CPU.ActiveCfg = Debug|Any CPU
		{C64EAD73-B6FE-40FE-93F3-972CBB6BD88F}.Debug|Any CPU.Build.0 = Debug|Any CPU
		{C64EAD73-B6FE-40FE-93F3-972CBB6BD88F}.Release|Any CPU.ActiveCfg = Release|Any CPU
		{C64EAD73-B6FE-40FE-93F3-972CBB6BD88F}.Release|Any CPU.Build.0 = Release|Any CPU
		{2058FEEE-0A65-4A9E-A730-B720EBA80271}.Debug|Any CPU.ActiveCfg = Debug|Any CPU
		{2058FEEE-0A65-4A9E-A730-B720EBA80271}.Debug|Any CPU.Build.0 = Debug|Any CPU
		{2058FEEE-0A65-4A9E-A730-B720EBA80271}.Release|Any CPU.ActiveCfg = Release|Any CPU
		{2058FEEE-0A65-4A9E-A730-B720EBA80271}.Release|Any CPU.Build.0 = Release|Any CPU
	EndGlobalSection
	GlobalSection(SolutionProperties) = preSolution
		HideSolutionNode = FALSE
	EndGlobalSection
	GlobalSection(ExtensibilityGlobals) = postSolution
		SolutionGuid = {0134B5A0-22AE-496A-943B-AA9F49BEB600}
	EndGlobalSection
EndGlobal
